
Microsoft Visual Studio Solution File, Format Version 12.00
# Visual Studio Version 17
VisualStudioVersion = 17.9.34723.18
MinimumVisualStudioVersion = 10.0.40219.1
Project("{FAE04EC0-301F-11D3-BF4B-00C04F79EFBC}") = "RegionAndLanguage", "RegionAndLanguage\RegionAndLanguage.csproj", "{9CB549AF-3AB9-48F2-B355-F440AFB71C8D}"
EndProject
Global
	GlobalSection(SolutionConfigurationPlatforms) = preSolution
		Debug|Any CPU = Debug|Any CPU
		Debug|x64 = Debug|x64
		Release|Any CPU = Release|Any CPU
		Release|x64 = Release|x64
	EndGlobalSection
	GlobalSection(ProjectConfigurationPlatforms) = postSolution
		{9CB549AF-3AB9-48F2-B355-F440AFB71C8D}.Debug|Any CPU.ActiveCfg = Debug|Any CPU
		{9CB549AF-3AB9-48F2-B355-F440AFB71C8D}.Debug|Any CPU.Build.0 = Debug|Any CPU
		{9CB549AF-3AB9-48F2-B355-F440AFB71C8D}.Debug|x64.ActiveCfg = Debug|x64
		{9CB549AF-3AB9-48F2-B355-F440AFB71C8D}.Debug|x64.Build.0 = Debug|x64
		{9CB549AF-3AB9-48F2-B355-F440AFB71C8D}.Release|Any CPU.ActiveCfg = Release|Any CPU
		{9CB549AF-3AB9-48F2-B355-F440AFB71C8D}.Release|Any CPU.Build.0 = Release|Any CPU
		{9CB549AF-3AB9-48F2-B355-F440AFB71C8D}.Release|x64.ActiveCfg = Release|x64
		{9CB549AF-3AB9-48F2-B355-F440AFB71C8D}.Release|x64.Build.0 = Release|x64
	EndGlobalSection
	GlobalSection(SolutionProperties) = preSolution
		HideSolutionNode = FALSE
	EndGlobalSection
	GlobalSection(ExtensibilityGlobals) = postSolution
		SolutionGuid = {068CDD1E-F009-48BD-A112-38645752A463}
	EndGlobalSection
EndGlobal
